
Microsoft Visual Studio Solution File, Format Version 12.00
# Visual Studio Version 16
VisualStudioVersion = 16.0.31702.278
MinimumVisualStudioVersion = 10.0.40219.1
Project("{8BC9CEB8-8B4A-11D0-8D11-00A0C91BC942}") = "HalloWelt", "HalloWelt\HalloWelt.vcxproj", "{157AE08C-1446-4DEB-899B-E60CDB2C445B}"
EndProject
Project("{8BC9CEB8-8B4A-11D0-8D11-00A0C91BC942}") = "Kaffeeautomat", "Kaffeeautomat\Kaffeeautomat.vcxproj", "{F613E0B1-7EB7-46AC-9695-3F4418DA85D2}"
EndProject
Project("{8BC9CEB8-8B4A-11D0-8D11-00A0C91BC942}") = "B4.1.7 Standardeingabe", "B4.1.7 Standardeingabe\B4.1.7 Standardeingabe.vcxproj", "{945A00CE-B2BF-496D-B389-760A4C6638A8}"
EndProject
Project("{8BC9CEB8-8B4A-11D0-8D11-00A0C91BC942}") = "B.4.2.1 Operatoren", "B.4.2.1 Operatoren\B.4.2.1 Operatoren.vcxproj", "{47188A95-B514-4BAD-B8D8-D8BFA96636DC}"
EndProject
Project("{8BC9CEB8-8B4A-11D0-8D11-00A0C91BC942}") = "B.4.1.8 Typumwandlung", "B.4.1.8 Typumwandlung\B.4.1.8 Typumwandlung.vcxproj", "{F92487D5-020F-46FE-859B-E7AD5173CF2C}"
EndProject
Project("{8BC9CEB8-8B4A-11D0-8D11-00A0C91BC942}") = "B.4.8 Heap", "B.4.8 Heap\B.4.8 Heap.vcxproj", "{EE90BBAC-609B-46AA-8AA5-8B4AA80F3FF5}"
EndProject
Project("{8BC9CEB8-8B4A-11D0-8D11-00A0C91BC942}") = "B.4.6 Felder", "B.4.6 Felder\B.4.6 Felder.vcxproj", "{9B4DC6EC-CF57-43EC-A6A7-F31905C9E98C}"
EndProject
Global
	GlobalSection(SolutionConfigurationPlatforms) = preSolution
		Debug|x64 = Debug|x64
		Debug|x86 = Debug|x86
		Release|x64 = Release|x64
		Release|x86 = Release|x86
	EndGlobalSection
	GlobalSection(ProjectConfigurationPlatforms) = postSolution
		{157AE08C-1446-4DEB-899B-E60CDB2C445B}.Debug|x64.ActiveCfg = Debug|x64
		{157AE08C-1446-4DEB-899B-E60CDB2C445B}.Debug|x64.Build.0 = Debug|x64
		{157AE08C-1446-4DEB-899B-E60CDB2C445B}.Debug|x86.ActiveCfg = Debug|Win32
		{157AE08C-1446-4DEB-899B-E60CDB2C445B}.Debug|x86.Build.0 = Debug|Win32
		{157AE08C-1446-4DEB-899B-E60CDB2C445B}.Release|x64.ActiveCfg = Release|x64
		{157AE08C-1446-4DEB-899B-E60CDB2C445B}.Release|x64.Build.0 = Release|x64
		{157AE08C-1446-4DEB-899B-E60CDB2C445B}.Release|x86.ActiveCfg = Release|Win32
		{157AE08C-1446-4DEB-899B-E60CDB2C445B}.Release|x86.Build.0 = Release|Win32
		{F613E0B1-7EB7-46AC-9695-3F4418DA85D2}.Debug|x64.ActiveCfg = Debug|x64
		{F613E0B1-7EB7-46AC-9695-3F4418DA85D2}.Debug|x64.Build.0 = Debug|x64
		{F613E0B1-7EB7-46AC-9695-3F4418DA85D2}.Debug|x86.ActiveCfg = Debug|Win32
		{F613E0B1-7EB7-46AC-9695-3F4418DA85D2}.Debug|x86.Build.0 = Debug|Win32
		{F613E0B1-7EB7-46AC-9695-3F4418DA85D2}.Release|x64.ActiveCfg = Release|x64
		{F613E0B1-7EB7-46AC-9695-3F4418DA85D2}.Release|x64.Build.0 = Release|x64
		{F613E0B1-7EB7-46AC-9695-3F4418DA85D2}.Release|x86.ActiveCfg = Release|Win32
		{F613E0B1-7EB7-46AC-9695-3F4418DA85D2}.Release|x86.Build.0 = Release|Win32
		{945A00CE-B2BF-496D-B389-760A4C6638A8}.Debug|x64.ActiveCfg = Debug|x64
		{945A00CE-B2BF-496D-B389-760A4C6638A8}.Debug|x64.Build.0 = Debug|x64
		{945A00CE-B2BF-496D-B389-760A4C6638A8}.Debug|x86.ActiveCfg = Debug|Win32
		{945A00CE-B2BF-496D-B389-760A4C6638A8}.Debug|x86.Build.0 = Debug|Win32
		{945A00CE-B2BF-496D-B389-760A4C6638A8}.Release|x64.ActiveCfg = Release|x64
		{945A00CE-B2BF-496D-B389-760A4C6638A8}.Release|x64.Build.0 = Release|x64
		{945A00CE-B2BF-496D-B389-760A4C6638A8}.Release|x86.ActiveCfg = Release|Win32
		{945A00CE-B2BF-496D-B389-760A4C6638A8}.Release|x86.Build.0 = Release|Win32
		{47188A95-B514-4BAD-B8D8-D8BFA96636DC}.Debug|x64.ActiveCfg = Debug|x64
		{47188A95-B514-4BAD-B8D8-D8BFA96636DC}.Debug|x64.Build.0 = Debug|x64
		{47188A95-B514-4BAD-B8D8-D8BFA96636DC}.Debug|x86.ActiveCfg = Debug|Win32
		{47188A95-B514-4BAD-B8D8-D8BFA96636DC}.Debug|x86.Build.0 = Debug|Win32
		{47188A95-B514-4BAD-B8D8-D8BFA96636DC}.Release|x64.ActiveCfg = Release|x64
		{47188A95-B514-4BAD-B8D8-D8BFA96636DC}.Release|x64.Build.0 = Release|x64
		{47188A95-B514-4BAD-B8D8-D8BFA96636DC}.Release|x86.ActiveCfg = Release|Win32
		{47188A95-B514-4BAD-B8D8-D8BFA96636DC}.Release|x86.Build.0 = Release|Win32
		{F92487D5-020F-46FE-859B-E7AD5173CF2C}.Debug|x64.ActiveCfg = Debug|x64
		{F92487D5-020F-46FE-859B-E7AD5173CF2C}.Debug|x64.Build.0 = Debug|x64
		{F92487D5-020F-46FE-859B-E7AD5173CF2C}.Debug|x86.ActiveCfg = Debug|Win32
		{F92487D5-020F-46FE-859B-E7AD5173CF2C}.Debug|x86.Build.0 = Debug|Win32
		{F92487D5-020F-46FE-859B-E7AD5173CF2C}.Release|x64.ActiveCfg = Release|x64
		{F92487D5-020F-46FE-859B-E7AD5173CF2C}.Release|x64.Build.0 = Release|x64
		{F92487D5-020F-46FE-859B-E7AD5173CF2C}.Release|x86.ActiveCfg = Release|Win32
		{F92487D5-020F-46FE-859B-E7AD5173CF2C}.Release|x86.Build.0 = Release|Win32
		{EE90BBAC-609B-46AA-8AA5-8B4AA80F3FF5}.Debug|x64.ActiveCfg = Debug|x64
		{EE90BBAC-609B-46AA-8AA5-8B4AA80F3FF5}.Debug|x64.Build.0 = Debug|x64
		{EE90BBAC-609B-46AA-8AA5-8B4AA80F3FF5}.Debug|x86.ActiveCfg = Debug|Win32
		{EE90BBAC-609B-46AA-8AA5-8B4AA80F3FF5}.Debug|x86.Build.0 = Debug|Win32
		{EE90BBAC-609B-46AA-8AA5-8B4AA80F3FF5}.Release|x64.ActiveCfg = Release|x64
		{EE90BBAC-609B-46AA-8AA5-8B4AA80F3FF5}.Release|x64.Build.0 = Release|x64
		{EE90BBAC-609B-46AA-8AA5-8B4AA80F3FF5}.Release|x86.ActiveCfg = Release|Win32
		{EE90BBAC-609B-46AA-8AA5-8B4AA80F3FF5}.Release|x86.Build.0 = Release|Win32
		{9B4DC6EC-CF57-43EC-A6A7-F31905C9E98C}.Debug|x64.ActiveCfg = Debug|x64
		{9B4DC6EC-CF57-43EC-A6A7-F31905C9E98C}.Debug|x64.Build.0 = Debug|x64
		{9B4DC6EC-CF57-43EC-A6A7-F31905C9E98C}.Debug|x86.ActiveCfg = Debug|Win32
		{9B4DC6EC-CF57-43EC-A6A7-F31905C9E98C}.Debug|x86.Build.0 = Debug|Win32
		{9B4DC6EC-CF57-43EC-A6A7-F31905C9E98C}.Release|x64.ActiveCfg = Release|x64
		{9B4DC6EC-CF57-43EC-A6A7-F31905C9E98C}.Release|x64.Build.0 = Release|x64
		{9B4DC6EC-CF57-43EC-A6A7-F31905C9E98C}.Release|x86.ActiveCfg = Release|Win32
		{9B4DC6EC-CF57-43EC-A6A7-F31905C9E98C}.Release|x86.Build.0 = Release|Win32
	EndGlobalSection
	GlobalSection(SolutionProperties) = preSolution
		HideSolutionNode = FALSE
	EndGlobalSection
	GlobalSection(ExtensibilityGlobals) = postSolution
		SolutionGuid = {6DE0C1A7-4ECD-443F-B421-C4BF82BC1A42}
	EndGlobalSection
EndGlobal
